
Microsoft Visual Studio Solution File, Format Version 12.00
# Visual Studio Version 16
VisualStudioVersion = 16.0.30804.86
MinimumVisualStudioVersion = 10.0.40219.1
Project("{FAE04EC0-301F-11D3-BF4B-00C04F79EFBC}") = "Praktika_5", "Praktika_5\Praktika_5.csproj", "{F2DB4FDC-5E83-4E43-87D3-786EBB49BF22}"
EndProject
Global
	GlobalSection(SolutionConfigurationPlatforms) = preSolution
		Debug|Any CPU = Debug|Any CPU
		Release|Any CPU = Release|Any CPU
	EndGlobalSection
	GlobalSection(ProjectConfigurationPlatforms) = postSolution
		{F2DB4FDC-5E83-4E43-87D3-786EBB49BF22}.Debug|Any CPU.ActiveCfg = Debug|Any CPU
		{F2DB4FDC-5E83-4E43-87D3-786EBB49BF22}.Debug|Any CPU.Build.0 = Debug|Any CPU
		{F2DB4FDC-5E83-4E43-87D3-786EBB49BF22}.Release|Any CPU.ActiveCfg = Release|Any CPU
		{F2DB4FDC-5E83-4E43-87D3-786EBB49BF22}.Release|Any CPU.Build.0 = Release|Any CPU
	EndGlobalSection
	GlobalSection(SolutionProperties) = preSolution
		HideSolutionNode = FALSE
	EndGlobalSection
	GlobalSection(ExtensibilityGlobals) = postSolution
		SolutionGuid = {89FEA8F3-C390-4FED-9007-0016E167A727}
	EndGlobalSection
EndGlobal
